
Microsoft Visual Studio Solution File, Format Version 12.00
# Visual Studio Version 17
VisualStudioVersion = 17.0.31919.166
MinimumVisualStudioVersion = 10.0.40219.1
Project("{F184B08F-C81C-45F6-A57F-5ABD9991F28F}") = "Final", "Final\Final.vbproj", "{D1C81FB2-13F5-4AAF-B281-6D8C32776543}"
EndProject
Global
	GlobalSection(SolutionConfigurationPlatforms) = preSolution
		Debug|Any CPU = Debug|Any CPU
		Release|Any CPU = Release|Any CPU
	EndGlobalSection
	GlobalSection(ProjectConfigurationPlatforms) = postSolution
		{D1C81FB2-13F5-4AAF-B281-6D8C32776543}.Debug|Any CPU.ActiveCfg = Debug|Any CPU
		{D1C81FB2-13F5-4AAF-B281-6D8C32776543}.Debug|Any CPU.Build.0 = Debug|Any CPU
		{D1C81FB2-13F5-4AAF-B281-6D8C32776543}.Release|Any CPU.ActiveCfg = Release|Any CPU
		{D1C81FB2-13F5-4AAF-B281-6D8C32776543}.Release|Any CPU.Build.0 = Release|Any CPU
	EndGlobalSection
	GlobalSection(SolutionProperties) = preSolution
		HideSolutionNode = FALSE
	EndGlobalSection
	GlobalSection(ExtensibilityGlobals) = postSolution
		SolutionGuid = {2C82060D-EE79-46D3-9D6E-53FEE16C8327}
	EndGlobalSection
EndGlobal
